{
  "pins" : [
    {
      "identity" : "igstorykit",
      "kind" : "remoteSourceControl",
      "location" : "https://github.com/SwapnanilDhol/IGStoryKit",
      "state" : {
        "revision" : "7378998c7feff7cdb44d79ca675c69b541bcafa7",
        "version" : "1.1.1"
      }
    }
  ],
  "version" : 2
}
